<?xml version="1.0" encoding="utf-8"?>
<Project ToolsVersion="4.0" xmlns="http://schemas.microsoft.com/developer/msbuild/2003">
  <ItemGroup>
    <Filter Include="Source Files">
      <UniqueIdentifier>{4FC737F1-C7A5-4376-A066-2A32D752A2FF}</UniqueIdentifier>
      <Extensions>cpp;c;cc;cxx;c++;cppm;ixx;def;odl;idl;hpj;bat;asm;asmx</Extensions>
    </Filter>
    <Filter Include="Resource Files">
      <UniqueIdentifier>{67DA6AB6-F800-4c08-8B7A-83BB121AAD01}</UniqueIdentifier>
      <Extensions>rc;ico;cur;bmp;dlg;rc2;rct;bin;rgs;gif;jpg;jpeg;jpe;resx;tiff;tif;png;wav;mfcribbon-ms</Extensions>
    </Filter>
    <Filter Include="Source Files\00. MainGame">
      <UniqueIdentifier>{ffe22051-3a97-4755-a753-d2abcfbabae4}</UniqueIdentifier>
    </Filter>
    <Filter Include="Source Files\99. Headers">
      <UniqueIdentifier>{b326fc45-c9f0-4bd6-85ac-a257825c3ad9}</UniqueIdentifier>
    </Filter>
    <Filter Include="Source Files\01. Manager">
      <UniqueIdentifier>{b75ae778-2fae-4491-8b1e-6ebec4436a7a}</UniqueIdentifier>
    </Filter>
    <Filter Include="Source Files\99. Headers\Anfromeda">
      <UniqueIdentifier>{f3aba640-f906-41f5-b052-32af5651d12e}</UniqueIdentifier>
    </Filter>
  </ItemGroup>
  <ItemGroup>
    <ClInclude Include="GameCoding.h">
      <Filter>Source Files\00. MainGame</Filter>
    </ClInclude>
    <ClInclude Include="pch.h">
      <Filter>Source Files\99. Headers</Filter>
    </ClInclude>
    <ClInclude Include="Defines.h">
      <Filter>Source Files\99. Headers</Filter>
    </ClInclude>
    <ClInclude Include="Enums.h">
      <Filter>Source Files\99. Headers</Filter>
    </ClInclude>
    <ClInclude Include="Types.h">
      <Filter>Source Files\99. Headers</Filter>
    </ClInclude>
    <ClInclude Include="framework.h">
      <Filter>Source Files\99. Headers\Anfromeda</Filter>
    </ClInclude>
    <ClInclude Include="Resource.h">
      <Filter>Source Files\99. Headers\Anfromeda</Filter>
    </ClInclude>
    <ClInclude Include="targetver.h">
      <Filter>Source Files\99. Headers\Anfromeda</Filter>
    </ClInclude>
    <ClInclude Include="Game.h">
      <Filter>Source Files\00. MainGame</Filter>
    </ClInclude>
  </ItemGroup>
  <ItemGroup>
    <ResourceCompile Include="GameCoding.rc">
      <Filter>Resource Files</Filter>
    </ResourceCompile>
  </ItemGroup>
  <ItemGroup>
    <Image Include="small.ico">
      <Filter>Resource Files</Filter>
    </Image>
    <Image Include="GameCoding.ico">
      <Filter>Resource Files</Filter>
    </Image>
  </ItemGroup>
  <ItemGroup>
    <ClCompile Include="GameCoding.cpp">
      <Filter>Source Files\00. MainGame</Filter>
    </ClCompile>
    <ClCompile Include="pch.cpp">
      <Filter>Source Files\99. Headers</Filter>
    </ClCompile>
    <ClCompile Include="Game.cpp">
      <Filter>Source Files\00. MainGame</Filter>
    </ClCompile>
  </ItemGroup>
</Project>